<?xml version="1.0" encoding="utf-8"?>
<Project ToolsVersion="4.0" xmlns="http://schemas.microsoft.com/developer/msbuild/2003">
  <ItemGroup>
    <Filter Include="Core">
      <UniqueIdentifier>{3cbb5712-656e-4189-a953-158c4d4089b9}</UniqueIdentifier>
    </Filter>
    <Filter Include="Core\Source Files">
      <UniqueIdentifier>{4FC737F1-C7A5-4376-A066-2A32D752A2FF}</UniqueIdentifier>
      <Extensions>cpp;c;cc;cxx;c++;cppm;ixx;def;odl;idl;hpj;bat;asm;asmx</Extensions>
    </Filter>
    <Filter Include="Core\Header Files">
      <UniqueIdentifier>{93995380-89BD-4b04-88EB-625FBE52EBFB}</UniqueIdentifier>
      <Extensions>h;hh;hpp;hxx;h++;hm;inl;inc;ipp;xsd</Extensions>
    </Filter>
    <Filter Include="Matchers">
      <UniqueIdentifier>{67DA6AB6-F800-4c08-8B7A-83BB121AAD01}</UniqueIdentifier>
      <Extensions>rc;ico;cur;bmp;dlg;rc2;rct;bin;rgs;gif;jpg;jpeg;jpe;resx;tiff;tif;png;wav;mfcribbon-ms</Extensions>
    </Filter>
    <Filter Include="Resource Generator">
      <UniqueIdentifier>{38c5373b-6f1b-4354-8d99-eb9e4bbacc8d}</UniqueIdentifier>
    </Filter>
    <Filter Include="Resource Generator\Header Files">
      <UniqueIdentifier>{17d11dca-da89-4561-b509-10391c197835}</UniqueIdentifier>
    </Filter>
    <Filter Include="Resource Generator\Source Files">
      <UniqueIdentifier>{adec6548-fc6c-4bc5-ab3b-43373ee71916}</UniqueIdentifier>
    </Filter>
    <Filter Include="Helpers">
      <UniqueIdentifier>{bbc596a6-9717-4862-99cb-710937f1471f}</UniqueIdentifier>
    </Filter>
    <Filter Include="Helpers\Source Files">
      <UniqueIdentifier>{273f289f-45ee-4a0c-b304-918189ee6447}</UniqueIdentifier>
    </Filter>
    <Filter Include="Helpers\Header Files">
      <UniqueIdentifier>{d15ec161-9c9f-4382-a590-a52b2eca9c4b}</UniqueIdentifier>
    </Filter>
  </ItemGroup>
  <ItemGroup>
    <ClCompile Include="AutoConcept.cpp">
      <Filter>Core\Source Files</Filter>
    </ClCompile>
    <ClCompile Include="MatchersDeduced.cpp">
      <Filter>Matchers</Filter>
    </ClCompile>
    <ClCompile Include="CommandLine.cpp">
      <Filter>Core\Source Files</Filter>
    </ClCompile>
    <ClCompile Include="Consumer.cpp">
      <Filter>Core\Source Files</Filter>
    </ClCompile>
    <ClCompile Include="MatchersGuessed.cpp">
      <Filter>Matchers</Filter>
    </ClCompile>
    <ClCompile Include="ResourceTypes.cpp">
      <Filter>Resource Generator\Source Files</Filter>
    </ClCompile>
    <ClCompile Include="BasicResourceGenerators.cpp">
      <Filter>Resource Generator\Source Files</Filter>
    </ClCompile>
    <ClCompile Include="ConsoleHelpers.cpp">
      <Filter>Helpers\Source Files</Filter>
    </ClCompile>
    <ClCompile Include="MatchHandler.cpp">
      <Filter>Core\Source Files</Filter>
    </ClCompile>
    <ClCompile Include="Guesser.cpp">
      <Filter>Resource Generator\Source Files</Filter>
    </ClCompile>
  </ItemGroup>
  <ItemGroup>
    <ClInclude Include="AutoConcept.h">
      <Filter>Core\Header Files</Filter>
    </ClInclude>
    <ClInclude Include="Matchers.h">
      <Filter>Core\Header Files</Filter>
    </ClInclude>
    <ClInclude Include="MatchHandler.h">
      <Filter>Core\Header Files</Filter>
    </ClInclude>
    <ClInclude Include="Consumer.h">
      <Filter>Core\Header Files</Filter>
    </ClInclude>
    <ClInclude Include="CommandLine.h">
      <Filter>Core\Header Files</Filter>
    </ClInclude>
    <ClInclude Include="FrontendAction.h">
      <Filter>Core\Header Files</Filter>
    </ClInclude>
    <ClInclude Include="ResourceTypes.h">
      <Filter>Resource Generator\Header Files</Filter>
    </ClInclude>
    <ClInclude Include="BasicResourceGenerators.h">
      <Filter>Resource Generator\Header Files</Filter>
    </ClInclude>
    <ClInclude Include="ConsoleHelpers.h">
      <Filter>Helpers\Header Files</Filter>
    </ClInclude>
    <ClInclude Include="Guesser.h">
      <Filter>Resource Generator\Header Files</Filter>
    </ClInclude>
  </ItemGroup>
  <ItemGroup>
    <Text Include="Concepts.txt">
      <Filter>Resource Generator</Filter>
    </Text>
    <Text Include="Types.txt">
      <Filter>Resource Generator</Filter>
    </Text>
    <Text Include="ConceptsBase.txt">
      <Filter>Resource Generator</Filter>
    </Text>
    <Text Include="TypesBase.txt">
      <Filter>Resource Generator</Filter>
    </Text>
  </ItemGroup>
</Project>